
Microsoft Visual Studio Solution File, Format Version 12.00
# Visual Studio Version 17
VisualStudioVersion = 17.5.002.0
MinimumVisualStudioVersion = 10.0.40219.1
Project("{2150E333-8FDC-42A3-9474-1A3956D46DE8}") = "csharp-prep", "csharp-prep", "{50134541-78CF-4E08-8560-FD9005ACC075}"
EndProject
Project("{9A19103F-16F7-4668-BE54-9A1E7A4F7556}") = "Prep1", "csharp-prep\Prep1\Prep1.csproj", "{7235A06E-EEF7-413B-80F3-F9FAE3D8C8DD}"
EndProject
Project("{9A19103F-16F7-4668-BE54-9A1E7A4F7556}") = "Prep2", "csharp-prep\Prep2\Prep2.csproj", "{B9CE9008-13AE-4B2E-B1D4-A80C01468AAA}"
EndProject
Project("{9A19103F-16F7-4668-BE54-9A1E7A4F7556}") = "Prep3", "csharp-prep\Prep3\Prep3.csproj", "{21D1C891-F5FF-4C77-B8F4-5992F35D2E9B}"
EndProject
Project("{9A19103F-16F7-4668-BE54-9A1E7A4F7556}") = "Prep4", "csharp-prep\Prep4\Prep4.csproj", "{8B3FA6AF-6F68-4B21-A6E6-B1BB4BA3F783}"
EndProject
Project("{9A19103F-16F7-4668-BE54-9A1E7A4F7556}") = "Prep5", "csharp-prep\Prep5\Prep5.csproj", "{CF22A93E-DF1D-4614-8CC8-7DE1666989B1}"
EndProject
Project("{2150E333-8FDC-42A3-9474-1A3956D46DE8}") = "final", "final", "{1C47A34C-E60E-48D9-8B64-DEB318AC1EC1}"
EndProject
Project("{9A19103F-16F7-4668-BE54-9A1E7A4F7556}") = "FinalProject", "final\FinalProject\FinalProject.csproj", "{6A42B6AA-0829-4E6C-B546-973BA9EDC87D}"
EndProject
Project("{9A19103F-16F7-4668-BE54-9A1E7A4F7556}") = "Foundation1", "final\Foundation1\Foundation1.csproj", "{E994B55A-12A8-448D-B4B3-E3D198308EFE}"
EndProject
Project("{9A19103F-16F7-4668-BE54-9A1E7A4F7556}") = "Foundation2", "final\Foundation2\Foundation2.csproj", "{2515DA41-D155-46A5-B881-11E86FA98976}"
EndProject
Project("{9A19103F-16F7-4668-BE54-9A1E7A4F7556}") = "Foundation3", "final\Foundation3\Foundation3.csproj", "{6AEF43B5-08FB-44C2-8D85-53A83766866C}"
EndProject
Project("{9A19103F-16F7-4668-BE54-9A1E7A4F7556}") = "Foundation4", "final\Foundation4\Foundation4.csproj", "{60D87A6D-4AD8-4EB6-9B01-53EAFB473151}"
EndProject
Project("{2150E333-8FDC-42A3-9474-1A3956D46DE8}") = "prepare", "prepare", "{DA6D0411-F6FB-4ACA-9EC7-8489A370E948}"
EndProject
Project("{9A19103F-16F7-4668-BE54-9A1E7A4F7556}") = "Learning02", "prepare\Learning02\Learning02.csproj", "{A0DE8E54-4760-4935-97DB-ADEE4B1D237B}"
EndProject
Project("{9A19103F-16F7-4668-BE54-9A1E7A4F7556}") = "Learning03", "prepare\Learning03\Learning03.csproj", "{27DC4700-D0A5-4B35-9151-F6DB13A63C1C}"
EndProject
Project("{9A19103F-16F7-4668-BE54-9A1E7A4F7556}") = "Learning04", "prepare\Learning04\Learning04.csproj", "{D3A5B878-E150-4B53-BDAB-DC6A081A807F}"
EndProject
Project("{9A19103F-16F7-4668-BE54-9A1E7A4F7556}") = "Learning05", "prepare\Learning05\Learning05.csproj", "{87EA60BC-EEFC-40A4-A40A-AB3ADB8A21A2}"
EndProject
Project("{2150E333-8FDC-42A3-9474-1A3956D46DE8}") = "prove", "prove", "{9998164A-B3BB-414D-A35F-800A6EC94C14}"
EndProject
Project("{9A19103F-16F7-4668-BE54-9A1E7A4F7556}") = "Develop02", "prove\Develop02\Develop02.csproj", "{7C32701F-D0EC-4B58-B1C0-9B11FEC56D5F}"
EndProject
Project("{9A19103F-16F7-4668-BE54-9A1E7A4F7556}") = "Develop03", "prove\Develop03\Develop03.csproj", "{04D89175-5320-47DF-B44B-7FD385B3AA42}"
EndProject
Project("{9A19103F-16F7-4668-BE54-9A1E7A4F7556}") = "Develop04", "prove\Develop04\Develop04.csproj", "{96E97AD4-BFD5-4E8B-9F25-40D37CF649F8}"
EndProject
Project("{9A19103F-16F7-4668-BE54-9A1E7A4F7556}") = "Develop05", "prove\Develop05\Develop05.csproj", "{7AF2D7B0-F718-4288-80A8-2E5A54906F25}"
EndProject
Project("{2150E333-8FDC-42A3-9474-1A3956D46DE8}") = "sandbox", "sandbox", "{AC722F5E-6AEE-4122-A15E-860AB4D90F4E}"
EndProject
Project("{9A19103F-16F7-4668-BE54-9A1E7A4F7556}") = "Sandbox", "sandbox\Sandbox\Sandbox.csproj", "{E1782832-6338-4E24-B9A8-DCBE0A85A926}"
EndProject
Global
	GlobalSection(SolutionConfigurationPlatforms) = preSolution
		Debug|Any CPU = Debug|Any CPU
		Release|Any CPU = Release|Any CPU
	EndGlobalSection
	GlobalSection(ProjectConfigurationPlatforms) = postSolution
		{7235A06E-EEF7-413B-80F3-F9FAE3D8C8DD}.Debug|Any CPU.ActiveCfg = Debug|Any CPU
		{7235A06E-EEF7-413B-80F3-F9FAE3D8C8DD}.Debug|Any CPU.Build.0 = Debug|Any CPU
		{7235A06E-EEF7-413B-80F3-F9FAE3D8C8DD}.Release|Any CPU.ActiveCfg = Release|Any CPU
		{7235A06E-EEF7-413B-80F3-F9FAE3D8C8DD}.Release|Any CPU.Build.0 = Release|Any CPU
		{B9CE9008-13AE-4B2E-B1D4-A80C01468AAA}.Debug|Any CPU.ActiveCfg = Debug|Any CPU
		{B9CE9008-13AE-4B2E-B1D4-A80C01468AAA}.Debug|Any CPU.Build.0 = Debug|Any CPU
		{B9CE9008-13AE-4B2E-B1D4-A80C01468AAA}.Release|Any CPU.ActiveCfg = Release|Any CPU
		{B9CE9008-13AE-4B2E-B1D4-A80C01468AAA}.Release|Any CPU.Build.0 = Release|Any CPU
		{21D1C891-F5FF-4C77-B8F4-5992F35D2E9B}.Debug|Any CPU.ActiveCfg = Debug|Any CPU
		{21D1C891-F5FF-4C77-B8F4-5992F35D2E9B}.Debug|Any CPU.Build.0 = Debug|Any CPU
		{21D1C891-F5FF-4C77-B8F4-5992F35D2E9B}.Release|Any CPU.ActiveCfg = Release|Any CPU
		{21D1C891-F5FF-4C77-B8F4-5992F35D2E9B}.Release|Any CPU.Build.0 = Release|Any CPU
		{8B3FA6AF-6F68-4B21-A6E6-B1BB4BA3F783}.Debug|Any CPU.ActiveCfg = Debug|Any CPU
		{8B3FA6AF-6F68-4B21-A6E6-B1BB4BA3F783}.Debug|Any CPU.Build.0 = Debug|Any CPU
		{8B3FA6AF-6F68-4B21-A6E6-B1BB4BA3F783}.Release|Any CPU.ActiveCfg = Release|Any CPU
		{8B3FA6AF-6F68-4B21-A6E6-B1BB4BA3F783}.Release|Any CPU.Build.0 = Release|Any CPU
		{CF22A93E-DF1D-4614-8CC8-7DE1666989B1}.Debug|Any CPU.ActiveCfg = Debug|Any CPU
		{CF22A93E-DF1D-4614-8CC8-7DE1666989B1}.Debug|Any CPU.Build.0 = Debug|Any CPU
		{CF22A93E-DF1D-4614-8CC8-7DE1666989B1}.Release|Any CPU.ActiveCfg = Release|Any CPU
		{CF22A93E-DF1D-4614-8CC8-7DE1666989B1}.Release|Any CPU.Build.0 = Release|Any CPU
		{6A42B6AA-0829-4E6C-B546-973BA9EDC87D}.Debug|Any CPU.ActiveCfg = Debug|Any CPU
		{6A42B6AA-0829-4E6C-B546-973BA9EDC87D}.Debug|Any CPU.Build.0 = Debug|Any CPU
		{6A42B6AA-0829-4E6C-B546-973BA9EDC87D}.Release|Any CPU.ActiveCfg = Release|Any CPU
		{6A42B6AA-0829-4E6C-B546-973BA9EDC87D}.Release|Any CPU.Build.0 = Release|Any CPU
		{E994B55A-12A8-448D-B4B3-E3D198308EFE}.Debug|Any CPU.ActiveCfg = Debug|Any CPU
		{E994B55A-12A8-448D-B4B3-E3D198308EFE}.Debug|Any CPU.Build.0 = Debug|Any CPU
		{E994B55A-12A8-448D-B4B3-E3D198308EFE}.Release|Any CPU.ActiveCfg = Release|Any CPU
		{E994B55A-12A8-448D-B4B3-E3D198308EFE}.Release|Any CPU.Build.0 = Release|Any CPU
		{2515DA41-D155-46A5-B881-11E86FA98976}.Debug|Any CPU.ActiveCfg = Debug|Any CPU
		{2515DA41-D155-46A5-B881-11E86FA98976}.Debug|Any CPU.Build.0 = Debug|Any CPU
		{2515DA41-D155-46A5-B881-11E86FA98976}.Release|Any CPU.ActiveCfg = Release|Any CPU
		{2515DA41-D155-46A5-B881-11E86FA98976}.Release|Any CPU.Build.0 = Release|Any CPU
		{6AEF43B5-08FB-44C2-8D85-53A83766866C}.Debug|Any CPU.ActiveCfg = Debug|Any CPU
		{6AEF43B5-08FB-44C2-8D85-53A83766866C}.Debug|Any CPU.Build.0 = Debug|Any CPU
		{6AEF43B5-08FB-44C2-8D85-53A83766866C}.Release|Any CPU.ActiveCfg = Release|Any CPU
		{6AEF43B5-08FB-44C2-8D85-53A83766866C}.Release|Any CPU.Build.0 = Release|Any CPU
		{60D87A6D-4AD8-4EB6-9B01-53EAFB473151}.Debug|Any CPU.ActiveCfg = Debug|Any CPU
		{60D87A6D-4AD8-4EB6-9B01-53EAFB473151}.Debug|Any CPU.Build.0 = Debug|Any CPU
		{60D87A6D-4AD8-4EB6-9B01-53EAFB473151}.Release|Any CPU.ActiveCfg = Release|Any CPU
		{60D87A6D-4AD8-4EB6-9B01-53EAFB473151}.Release|Any CPU.Build.0 = Release|Any CPU
		{A0DE8E54-4760-4935-97DB-ADEE4B1D237B}.Debug|Any CPU.ActiveCfg = Debug|Any CPU
		{A0DE8E54-4760-4935-97DB-ADEE4B1D237B}.Debug|Any CPU.Build.0 = Debug|Any CPU
		{A0DE8E54-4760-4935-97DB-ADEE4B1D237B}.Release|Any CPU.ActiveCfg = Release|Any CPU
		{A0DE8E54-4760-4935-97DB-ADEE4B1D237B}.Release|Any CPU.Build.0 = Release|Any CPU
		{27DC4700-D0A5-4B35-9151-F6DB13A63C1C}.Debug|Any CPU.ActiveCfg = Debug|Any CPU
		{27DC4700-D0A5-4B35-9151-F6DB13A63C1C}.Debug|Any CPU.Build.0 = Debug|Any CPU
		{27DC4700-D0A5-4B35-9151-F6DB13A63C1C}.Release|Any CPU.ActiveCfg = Release|Any CPU
		{27DC4700-D0A5-4B35-9151-F6DB13A63C1C}.Release|Any CPU.Build.0 = Release|Any CPU
		{D3A5B878-E150-4B53-BDAB-DC6A081A807F}.Debug|Any CPU.ActiveCfg = Debug|Any CPU
		{D3A5B878-E150-4B53-BDAB-DC6A081A807F}.Debug|Any CPU.Build.0 = Debug|Any CPU
		{D3A5B878-E150-4B53-BDAB-DC6A081A807F}.Release|Any CPU.ActiveCfg = Release|Any CPU
		{D3A5B878-E150-4B53-BDAB-DC6A081A807F}.Release|Any CPU.Build.0 = Release|Any CPU
		{87EA60BC-EEFC-40A4-A40A-AB3ADB8A21A2}.Debug|Any CPU.ActiveCfg = Debug|Any CPU
		{87EA60BC-EEFC-40A4-A40A-AB3ADB8A21A2}.Debug|Any CPU.Build.0 = Debug|Any CPU
		{87EA60BC-EEFC-40A4-A40A-AB3ADB8A21A2}.Release|Any CPU.ActiveCfg = Release|Any CPU
		{87EA60BC-EEFC-40A4-A40A-AB3ADB8A21A2}.Release|Any CPU.Build.0 = Release|Any CPU
		{7C32701F-D0EC-4B58-B1C0-9B11FEC56D5F}.Debug|Any CPU.ActiveCfg = Debug|Any CPU
		{7C32701F-D0EC-4B58-B1C0-9B11FEC56D5F}.Debug|Any CPU.Build.0 = Debug|Any CPU
		{7C32701F-D0EC-4B58-B1C0-9B11FEC56D5F}.Release|Any CPU.ActiveCfg = Release|Any CPU
		{7C32701F-D0EC-4B58-B1C0-9B11FEC56D5F}.Release|Any CPU.Build.0 = Release|Any CPU
		{04D89175-5320-47DF-B44B-7FD385B3AA42}.Debug|Any CPU.ActiveCfg = Debug|Any CPU
		{04D89175-5320-47DF-B44B-7FD385B3AA42}.Debug|Any CPU.Build.0 = Debug|Any CPU
		{04D89175-5320-47DF-B44B-7FD385B3AA42}.Release|Any CPU.ActiveCfg = Release|Any CPU
		{04D89175-5320-47DF-B44B-7FD385B3AA42}.Release|Any CPU.Build.0 = Release|Any CPU
		{96E97AD4-BFD5-4E8B-9F25-40D37CF649F8}.Debug|Any CPU.ActiveCfg = Debug|Any CPU
		{96E97AD4-BFD5-4E8B-9F25-40D37CF649F8}.Debug|Any CPU.Build.0 = Debug|Any CPU
		{96E97AD4-BFD5-4E8B-9F25-40D37CF649F8}.Release|Any CPU.ActiveCfg = Release|Any CPU
		{96E97AD4-BFD5-4E8B-9F25-40D37CF649F8}.Release|Any CPU.Build.0 = Release|Any CPU
		{7AF2D7B0-F718-4288-80A8-2E5A54906F25}.Debug|Any CPU.ActiveCfg = Debug|Any CPU
		{7AF2D7B0-F718-4288-80A8-2E5A54906F25}.Debug|Any CPU.Build.0 = Debug|Any CPU
		{7AF2D7B0-F718-4288-80A8-2E5A54906F25}.Release|Any CPU.ActiveCfg = Release|Any CPU
		{7AF2D7B0-F718-4288-80A8-2E5A54906F25}.Release|Any CPU.Build.0 = Release|Any CPU
		{E1782832-6338-4E24-B9A8-DCBE0A85A926}.Debug|Any CPU.ActiveCfg = Debug|Any CPU
		{E1782832-6338-4E24-B9A8-DCBE0A85A926}.Debug|Any CPU.Build.0 = Debug|Any CPU
		{E1782832-6338-4E24-B9A8-DCBE0A85A926}.Release|Any CPU.ActiveCfg = Release|Any CPU
		{E1782832-6338-4E24-B9A8-DCBE0A85A926}.Release|Any CPU.Build.0 = Release|Any CPU
	EndGlobalSection
	GlobalSection(SolutionProperties) = preSolution
		HideSolutionNode = FALSE
	EndGlobalSection
	GlobalSection(NestedProjects) = preSolution
		{7235A06E-EEF7-413B-80F3-F9FAE3D8C8DD} = {50134541-78CF-4E08-8560-FD9005ACC075}
		{B9CE9008-13AE-4B2E-B1D4-A80C01468AAA} = {50134541-78CF-4E08-8560-FD9005ACC075}
		{21D1C891-F5FF-4C77-B8F4-5992F35D2E9B} = {50134541-78CF-4E08-8560-FD9005ACC075}
		{8B3FA6AF-6F68-4B21-A6E6-B1BB4BA3F783} = {50134541-78CF-4E08-8560-FD9005ACC075}
		{CF22A93E-DF1D-4614-8CC8-7DE1666989B1} = {50134541-78CF-4E08-8560-FD9005ACC075}
		{6A42B6AA-0829-4E6C-B546-973BA9EDC87D} = {1C47A34C-E60E-48D9-8B64-DEB318AC1EC1}
		{E994B55A-12A8-448D-B4B3-E3D198308EFE} = {1C47A34C-E60E-48D9-8B64-DEB318AC1EC1}
		{2515DA41-D155-46A5-B881-11E86FA98976} = {1C47A34C-E60E-48D9-8B64-DEB318AC1EC1}
		{6AEF43B5-08FB-44C2-8D85-53A83766866C} = {1C47A34C-E60E-48D9-8B64-DEB318AC1EC1}
		{60D87A6D-4AD8-4EB6-9B01-53EAFB473151} = {1C47A34C-E60E-48D9-8B64-DEB318AC1EC1}
		{A0DE8E54-4760-4935-97DB-ADEE4B1D237B} = {DA6D0411-F6FB-4ACA-9EC7-8489A370E948}
		{27DC4700-D0A5-4B35-9151-F6DB13A63C1C} = {DA6D0411-F6FB-4ACA-9EC7-8489A370E948}
		{D3A5B878-E150-4B53-BDAB-DC6A081A807F} = {DA6D0411-F6FB-4ACA-9EC7-8489A370E948}
		{87EA60BC-EEFC-40A4-A40A-AB3ADB8A21A2} = {DA6D0411-F6FB-4ACA-9EC7-8489A370E948}
		{7C32701F-D0EC-4B58-B1C0-9B11FEC56D5F} = {9998164A-B3BB-414D-A35F-800A6EC94C14}
		{04D89175-5320-47DF-B44B-7FD385B3AA42} = {9998164A-B3BB-414D-A35F-800A6EC94C14}
		{96E97AD4-BFD5-4E8B-9F25-40D37CF649F8} = {9998164A-B3BB-414D-A35F-800A6EC94C14}
		{7AF2D7B0-F718-4288-80A8-2E5A54906F25} = {9998164A-B3BB-414D-A35F-800A6EC94C14}
		{E1782832-6338-4E24-B9A8-DCBE0A85A926} = {AC722F5E-6AEE-4122-A15E-860AB4D90F4E}
	EndGlobalSection
	GlobalSection(ExtensibilityGlobals) = postSolution
		SolutionGuid = {13EDDFEB-964D-4A91-9069-0E653AFE11A3}
	EndGlobalSection
EndGlobal
